
Microsoft Visual Studio Solution File, Format Version 12.00
# Visual Studio Version 16
VisualStudioVersion = 16.0.31112.23
MinimumVisualStudioVersion = 10.0.40219.1
Project("{8BC9CEB8-8B4A-11D0-8D11-00A0C91BC942}") = "hello world consle app", "hello world consle app\hello world consle app.vcxproj", "{3CF32A4F-436F-4025-B992-76D65E26C966}"
EndProject
Project("{8BC9CEB8-8B4A-11D0-8D11-00A0C91BC942}") = "rpg", "rpg\rpg.vcxproj", "{49942CB0-52DE-4B2E-9773-8C5F46D79D04}"
EndProject
Project("{8BC9CEB8-8B4A-11D0-8D11-00A0C91BC942}") = "promlem 1", "promlem 1\promlem 1.vcxproj", "{93D651BB-FE6B-450D-B87E-18F5E56486BB}"
EndProject
Project("{8BC9CEB8-8B4A-11D0-8D11-00A0C91BC942}") = "thing", "thing\thing.vcxproj", "{ED266889-051E-495E-885D-685DE8985D60}"
EndProject
Project("{8BC9CEB8-8B4A-11D0-8D11-00A0C91BC942}") = "thing 2", "thing 2\thing 2.vcxproj", "{3263D618-6633-4943-8670-2C9F974E6203}"
EndProject
Project("{8BC9CEB8-8B4A-11D0-8D11-00A0C91BC942}") = "variable project", "variable project\variable project.vcxproj", "{AC8EC241-6DF9-499F-962A-71FA1C5A22B6}"
EndProject
Project("{8BC9CEB8-8B4A-11D0-8D11-00A0C91BC942}") = "1-10", "1-10\1-10.vcxproj", "{EE541C99-A765-40B8-BDE1-6EC3142BC373}"
EndProject
Project("{8BC9CEB8-8B4A-11D0-8D11-00A0C91BC942}") = "a little division", "a little division\a little division.vcxproj", "{567AA96E-BA87-44BB-97F3-5AE9C3B0E0E4}"
EndProject
Project("{8BC9CEB8-8B4A-11D0-8D11-00A0C91BC942}") = "ConsoleApplication1", "ConsoleApplication1\ConsoleApplication1.vcxproj", "{0AE9CFCF-AD37-4A5D-8C45-4BA185A491E7}"
EndProject
Project("{8BC9CEB8-8B4A-11D0-8D11-00A0C91BC942}") = "dice role", "dice role\dice role.vcxproj", "{C867F927-1F54-4FC7-9114-C83FFD4E4B3C}"
EndProject
Project("{8BC9CEB8-8B4A-11D0-8D11-00A0C91BC942}") = "grave yard", "grave yard\grave yard.vcxproj", "{3FD7FE4C-F5D2-4F57-9EF2-F1400C1871B0}"
EndProject
Project("{8BC9CEB8-8B4A-11D0-8D11-00A0C91BC942}") = "averages", "averages\averages.vcxproj", "{8EA493C9-1192-487C-A846-440B3E8195B8}"
EndProject
Project("{8BC9CEB8-8B4A-11D0-8D11-00A0C91BC942}") = "quiz", "quiz\quiz.vcxproj", "{7FAD27A9-874F-41B0-98B7-0C0C0AF6AB77}"
EndProject
Project("{8BC9CEB8-8B4A-11D0-8D11-00A0C91BC942}") = "computer quix", "computer quix\computer quix.vcxproj", "{FDAAA139-B0DA-4CC5-8B15-CCC98CB6BEC7}"
EndProject
Project("{8BC9CEB8-8B4A-11D0-8D11-00A0C91BC942}") = "ConsoleApplication2", "ConsoleApplication2\ConsoleApplication2.vcxproj", "{09684F69-F45D-4123-B2C8-C41DD1616702}"
EndProject
Project("{8BC9CEB8-8B4A-11D0-8D11-00A0C91BC942}") = "word reverser", "word reverser\word reverser.vcxproj", "{C6D5CDEE-3032-4E8E-8AA2-5DEE8228857B}"
EndProject
Project("{8BC9CEB8-8B4A-11D0-8D11-00A0C91BC942}") = "ConsoleApplication3", "ConsoleApplication3\ConsoleApplication3.vcxproj", "{4CB3CAF1-1770-409A-8941-66692E33AAC9}"
EndProject
Project("{8BC9CEB8-8B4A-11D0-8D11-00A0C91BC942}") = "vector start build", "vector start build\vector start build.vcxproj", "{2C160EC7-9FD2-4EAF-9B0D-6043BADB2A2A}"
EndProject
Project("{8BC9CEB8-8B4A-11D0-8D11-00A0C91BC942}") = "vector code", "vector code\vector code.vcxproj", "{EE875C0E-FDE1-4B20-933C-C47DD2118880}"
EndProject
Project("{8BC9CEB8-8B4A-11D0-8D11-00A0C91BC942}") = "cosign", "cosign\cosign.vcxproj", "{E4C4FC48-29E4-4056-99A4-C44A4AED933A}"
EndProject
Project("{8BC9CEB8-8B4A-11D0-8D11-00A0C91BC942}") = "flash cards and multiplication", "flash cards and multiplication\flash cards and multiplication.vcxproj", "{890C52B7-C01D-4C61-9881-F4B94C45509D}"
EndProject
Project("{8BC9CEB8-8B4A-11D0-8D11-00A0C91BC942}") = "ConsoleApplication4", "ConsoleApplication4\ConsoleApplication4.vcxproj", "{B64613A0-A14D-47C4-95EA-EC32949095B4}"
EndProject
Project("{8BC9CEB8-8B4A-11D0-8D11-00A0C91BC942}") = "files", "files\files.vcxproj", "{C45EBEBB-41FD-443E-AA24-259846B8C061}"
EndProject
Project("{8BC9CEB8-8B4A-11D0-8D11-00A0C91BC942}") = "files and junk", "files and junk\files and junk.vcxproj", "{621F10C5-9C65-434C-8C7B-DD0507A36FCD}"
EndProject
Project("{8BC9CEB8-8B4A-11D0-8D11-00A0C91BC942}") = "counting files", "counting files\counting files.vcxproj", "{C03274E6-ED6D-4F91-BD3C-2715D25DE014}"
EndProject
Global
	GlobalSection(SolutionConfigurationPlatforms) = preSolution
		Debug|x64 = Debug|x64
		Debug|x86 = Debug|x86
		Release|x64 = Release|x64
		Release|x86 = Release|x86
	EndGlobalSection
	GlobalSection(ProjectConfigurationPlatforms) = postSolution
		{3CF32A4F-436F-4025-B992-76D65E26C966}.Debug|x64.ActiveCfg = Debug|x64
		{3CF32A4F-436F-4025-B992-76D65E26C966}.Debug|x64.Build.0 = Debug|x64
		{3CF32A4F-436F-4025-B992-76D65E26C966}.Debug|x86.ActiveCfg = Debug|Win32
		{3CF32A4F-436F-4025-B992-76D65E26C966}.Debug|x86.Build.0 = Debug|Win32
		{3CF32A4F-436F-4025-B992-76D65E26C966}.Release|x64.ActiveCfg = Release|x64
		{3CF32A4F-436F-4025-B992-76D65E26C966}.Release|x64.Build.0 = Release|x64
		{3CF32A4F-436F-4025-B992-76D65E26C966}.Release|x86.ActiveCfg = Release|Win32
		{3CF32A4F-436F-4025-B992-76D65E26C966}.Release|x86.Build.0 = Release|Win32
		{49942CB0-52DE-4B2E-9773-8C5F46D79D04}.Debug|x64.ActiveCfg = Debug|x64
		{49942CB0-52DE-4B2E-9773-8C5F46D79D04}.Debug|x64.Build.0 = Debug|x64
		{49942CB0-52DE-4B2E-9773-8C5F46D79D04}.Debug|x86.ActiveCfg = Debug|Win32
		{49942CB0-52DE-4B2E-9773-8C5F46D79D04}.Debug|x86.Build.0 = Debug|Win32
		{49942CB0-52DE-4B2E-9773-8C5F46D79D04}.Release|x64.ActiveCfg = Release|x64
		{49942CB0-52DE-4B2E-9773-8C5F46D79D04}.Release|x64.Build.0 = Release|x64
		{49942CB0-52DE-4B2E-9773-8C5F46D79D04}.Release|x86.ActiveCfg = Release|Win32
		{49942CB0-52DE-4B2E-9773-8C5F46D79D04}.Release|x86.Build.0 = Release|Win32
		{93D651BB-FE6B-450D-B87E-18F5E56486BB}.Debug|x64.ActiveCfg = Debug|x64
		{93D651BB-FE6B-450D-B87E-18F5E56486BB}.Debug|x64.Build.0 = Debug|x64
		{93D651BB-FE6B-450D-B87E-18F5E56486BB}.Debug|x86.ActiveCfg = Debug|Win32
		{93D651BB-FE6B-450D-B87E-18F5E56486BB}.Debug|x86.Build.0 = Debug|Win32
		{93D651BB-FE6B-450D-B87E-18F5E56486BB}.Release|x64.ActiveCfg = Release|x64
		{93D651BB-FE6B-450D-B87E-18F5E56486BB}.Release|x64.Build.0 = Release|x64
		{93D651BB-FE6B-450D-B87E-18F5E56486BB}.Release|x86.ActiveCfg = Release|Win32
		{93D651BB-FE6B-450D-B87E-18F5E56486BB}.Release|x86.Build.0 = Release|Win32
		{ED266889-051E-495E-885D-685DE8985D60}.Debug|x64.ActiveCfg = Debug|x64
		{ED266889-051E-495E-885D-685DE8985D60}.Debug|x64.Build.0 = Debug|x64
		{ED266889-051E-495E-885D-685DE8985D60}.Debug|x86.ActiveCfg = Debug|Win32
		{ED266889-051E-495E-885D-685DE8985D60}.Debug|x86.Build.0 = Debug|Win32
		{ED266889-051E-495E-885D-685DE8985D60}.Release|x64.ActiveCfg = Release|x64
		{ED266889-051E-495E-885D-685DE8985D60}.Release|x64.Build.0 = Release|x64
		{ED266889-051E-495E-885D-685DE8985D60}.Release|x86.ActiveCfg = Release|Win32
		{ED266889-051E-495E-885D-685DE8985D60}.Release|x86.Build.0 = Release|Win32
		{3263D618-6633-4943-8670-2C9F974E6203}.Debug|x64.ActiveCfg = Debug|x64
		{3263D618-6633-4943-8670-2C9F974E6203}.Debug|x64.Build.0 = Debug|x64
		{3263D618-6633-4943-8670-2C9F974E6203}.Debug|x86.ActiveCfg = Debug|Win32
		{3263D618-6633-4943-8670-2C9F974E6203}.Debug|x86.Build.0 = Debug|Win32
		{3263D618-6633-4943-8670-2C9F974E6203}.Release|x64.ActiveCfg = Release|x64
		{3263D618-6633-4943-8670-2C9F974E6203}.Release|x64.Build.0 = Release|x64
		{3263D618-6633-4943-8670-2C9F974E6203}.Release|x86.ActiveCfg = Release|Win32
		{3263D618-6633-4943-8670-2C9F974E6203}.Release|x86.Build.0 = Release|Win32
		{AC8EC241-6DF9-499F-962A-71FA1C5A22B6}.Debug|x64.ActiveCfg = Debug|x64
		{AC8EC241-6DF9-499F-962A-71FA1C5A22B6}.Debug|x64.Build.0 = Debug|x64
		{AC8EC241-6DF9-499F-962A-71FA1C5A22B6}.Debug|x86.ActiveCfg = Debug|Win32
		{AC8EC241-6DF9-499F-962A-71FA1C5A22B6}.Debug|x86.Build.0 = Debug|Win32
		{AC8EC241-6DF9-499F-962A-71FA1C5A22B6}.Release|x64.ActiveCfg = Release|x64
		{AC8EC241-6DF9-499F-962A-71FA1C5A22B6}.Release|x64.Build.0 = Release|x64
		{AC8EC241-6DF9-499F-962A-71FA1C5A22B6}.Release|x86.ActiveCfg = Release|Win32
		{AC8EC241-6DF9-499F-962A-71FA1C5A22B6}.Release|x86.Build.0 = Release|Win32
		{EE541C99-A765-40B8-BDE1-6EC3142BC373}.Debug|x64.ActiveCfg = Debug|x64
		{EE541C99-A765-40B8-BDE1-6EC3142BC373}.Debug|x64.Build.0 = Debug|x64
		{EE541C99-A765-40B8-BDE1-6EC3142BC373}.Debug|x86.ActiveCfg = Debug|Win32
		{EE541C99-A765-40B8-BDE1-6EC3142BC373}.Debug|x86.Build.0 = Debug|Win32
		{EE541C99-A765-40B8-BDE1-6EC3142BC373}.Release|x64.ActiveCfg = Release|x64
		{EE541C99-A765-40B8-BDE1-6EC3142BC373}.Release|x64.Build.0 = Release|x64
		{EE541C99-A765-40B8-BDE1-6EC3142BC373}.Release|x86.ActiveCfg = Release|Win32
		{EE541C99-A765-40B8-BDE1-6EC3142BC373}.Release|x86.Build.0 = Release|Win32
		{567AA96E-BA87-44BB-97F3-5AE9C3B0E0E4}.Debug|x64.ActiveCfg = Debug|x64
		{567AA96E-BA87-44BB-97F3-5AE9C3B0E0E4}.Debug|x64.Build.0 = Debug|x64
		{567AA96E-BA87-44BB-97F3-5AE9C3B0E0E4}.Debug|x86.ActiveCfg = Debug|Win32
		{567AA96E-BA87-44BB-97F3-5AE9C3B0E0E4}.Debug|x86.Build.0 = Debug|Win32
		{567AA96E-BA87-44BB-97F3-5AE9C3B0E0E4}.Release|x64.ActiveCfg = Release|x64
		{567AA96E-BA87-44BB-97F3-5AE9C3B0E0E4}.Release|x64.Build.0 = Release|x64
		{567AA96E-BA87-44BB-97F3-5AE9C3B0E0E4}.Release|x86.ActiveCfg = Release|Win32
		{567AA96E-BA87-44BB-97F3-5AE9C3B0E0E4}.Release|x86.Build.0 = Release|Win32
		{0AE9CFCF-AD37-4A5D-8C45-4BA185A491E7}.Debug|x64.ActiveCfg = Debug|x64
		{0AE9CFCF-AD37-4A5D-8C45-4BA185A491E7}.Debug|x64.Build.0 = Debug|x64
		{0AE9CFCF-AD37-4A5D-8C45-4BA185A491E7}.Debug|x86.ActiveCfg = Debug|Win32
		{0AE9CFCF-AD37-4A5D-8C45-4BA185A491E7}.Debug|x86.Build.0 = Debug|Win32
		{0AE9CFCF-AD37-4A5D-8C45-4BA185A491E7}.Release|x64.ActiveCfg = Release|x64
		{0AE9CFCF-AD37-4A5D-8C45-4BA185A491E7}.Release|x64.Build.0 = Release|x64
		{0AE9CFCF-AD37-4A5D-8C45-4BA185A491E7}.Release|x86.ActiveCfg = Release|Win32
		{0AE9CFCF-AD37-4A5D-8C45-4BA185A491E7}.Release|x86.Build.0 = Release|Win32
		{C867F927-1F54-4FC7-9114-C83FFD4E4B3C}.Debug|x64.ActiveCfg = Debug|x64
		{C867F927-1F54-4FC7-9114-C83FFD4E4B3C}.Debug|x64.Build.0 = Debug|x64
		{C867F927-1F54-4FC7-9114-C83FFD4E4B3C}.Debug|x86.ActiveCfg = Debug|Win32
		{C867F927-1F54-4FC7-9114-C83FFD4E4B3C}.Debug|x86.Build.0 = Debug|Win32
		{C867F927-1F54-4FC7-9114-C83FFD4E4B3C}.Release|x64.ActiveCfg = Release|x64
		{C867F927-1F54-4FC7-9114-C83FFD4E4B3C}.Release|x64.Build.0 = Release|x64
		{C867F927-1F54-4FC7-9114-C83FFD4E4B3C}.Release|x86.ActiveCfg = Release|Win32
		{C867F927-1F54-4FC7-9114-C83FFD4E4B3C}.Release|x86.Build.0 = Release|Win32
		{3FD7FE4C-F5D2-4F57-9EF2-F1400C1871B0}.Debug|x64.ActiveCfg = Debug|x64
		{3FD7FE4C-F5D2-4F57-9EF2-F1400C1871B0}.Debug|x64.Build.0 = Debug|x64
		{3FD7FE4C-F5D2-4F57-9EF2-F1400C1871B0}.Debug|x86.ActiveCfg = Debug|Win32
		{3FD7FE4C-F5D2-4F57-9EF2-F1400C1871B0}.Debug|x86.Build.0 = Debug|Win32
		{3FD7FE4C-F5D2-4F57-9EF2-F1400C1871B0}.Release|x64.ActiveCfg = Release|x64
		{3FD7FE4C-F5D2-4F57-9EF2-F1400C1871B0}.Release|x64.Build.0 = Release|x64
		{3FD7FE4C-F5D2-4F57-9EF2-F1400C1871B0}.Release|x86.ActiveCfg = Release|Win32
		{3FD7FE4C-F5D2-4F57-9EF2-F1400C1871B0}.Release|x86.Build.0 = Release|Win32
		{8EA493C9-1192-487C-A846-440B3E8195B8}.Debug|x64.ActiveCfg = Debug|x64
		{8EA493C9-1192-487C-A846-440B3E8195B8}.Debug|x64.Build.0 = Debug|x64
		{8EA493C9-1192-487C-A846-440B3E8195B8}.Debug|x86.ActiveCfg = Debug|Win32
		{8EA493C9-1192-487C-A846-440B3E8195B8}.Debug|x86.Build.0 = Debug|Win32
		{8EA493C9-1192-487C-A846-440B3E8195B8}.Release|x64.ActiveCfg = Release|x64
		{8EA493C9-1192-487C-A846-440B3E8195B8}.Release|x64.Build.0 = Release|x64
		{8EA493C9-1192-487C-A846-440B3E8195B8}.Release|x86.ActiveCfg = Release|Win32
		{8EA493C9-1192-487C-A846-440B3E8195B8}.Release|x86.Build.0 = Release|Win32
		{7FAD27A9-874F-41B0-98B7-0C0C0AF6AB77}.Debug|x64.ActiveCfg = Debug|x64
		{7FAD27A9-874F-41B0-98B7-0C0C0AF6AB77}.Debug|x64.Build.0 = Debug|x64
		{7FAD27A9-874F-41B0-98B7-0C0C0AF6AB77}.Debug|x86.ActiveCfg = Debug|Win32
		{7FAD27A9-874F-41B0-98B7-0C0C0AF6AB77}.Debug|x86.Build.0 = Debug|Win32
		{7FAD27A9-874F-41B0-98B7-0C0C0AF6AB77}.Release|x64.ActiveCfg = Release|x64
		{7FAD27A9-874F-41B0-98B7-0C0C0AF6AB77}.Release|x64.Build.0 = Release|x64
		{7FAD27A9-874F-41B0-98B7-0C0C0AF6AB77}.Release|x86.ActiveCfg = Release|Win32
		{7FAD27A9-874F-41B0-98B7-0C0C0AF6AB77}.Release|x86.Build.0 = Release|Win32
		{FDAAA139-B0DA-4CC5-8B15-CCC98CB6BEC7}.Debug|x64.ActiveCfg = Debug|x64
		{FDAAA139-B0DA-4CC5-8B15-CCC98CB6BEC7}.Debug|x64.Build.0 = Debug|x64
		{FDAAA139-B0DA-4CC5-8B15-CCC98CB6BEC7}.Debug|x86.ActiveCfg = Debug|Win32
		{FDAAA139-B0DA-4CC5-8B15-CCC98CB6BEC7}.Debug|x86.Build.0 = Debug|Win32
		{FDAAA139-B0DA-4CC5-8B15-CCC98CB6BEC7}.Release|x64.ActiveCfg = Release|x64
		{FDAAA139-B0DA-4CC5-8B15-CCC98CB6BEC7}.Release|x64.Build.0 = Release|x64
		{FDAAA139-B0DA-4CC5-8B15-CCC98CB6BEC7}.Release|x86.ActiveCfg = Release|Win32
		{FDAAA139-B0DA-4CC5-8B15-CCC98CB6BEC7}.Release|x86.Build.0 = Release|Win32
		{09684F69-F45D-4123-B2C8-C41DD1616702}.Debug|x64.ActiveCfg = Debug|x64
		{09684F69-F45D-4123-B2C8-C41DD1616702}.Debug|x64.Build.0 = Debug|x64
		{09684F69-F45D-4123-B2C8-C41DD1616702}.Debug|x86.ActiveCfg = Debug|Win32
		{09684F69-F45D-4123-B2C8-C41DD1616702}.Debug|x86.Build.0 = Debug|Win32
		{09684F69-F45D-4123-B2C8-C41DD1616702}.Release|x64.ActiveCfg = Release|x64
		{09684F69-F45D-4123-B2C8-C41DD1616702}.Release|x64.Build.0 = Release|x64
		{09684F69-F45D-4123-B2C8-C41DD1616702}.Release|x86.ActiveCfg = Release|Win32
		{09684F69-F45D-4123-B2C8-C41DD1616702}.Release|x86.Build.0 = Release|Win32
		{C6D5CDEE-3032-4E8E-8AA2-5DEE8228857B}.Debug|x64.ActiveCfg = Debug|x64
		{C6D5CDEE-3032-4E8E-8AA2-5DEE8228857B}.Debug|x64.Build.0 = Debug|x64
		{C6D5CDEE-3032-4E8E-8AA2-5DEE8228857B}.Debug|x86.ActiveCfg = Debug|Win32
		{C6D5CDEE-3032-4E8E-8AA2-5DEE8228857B}.Debug|x86.Build.0 = Debug|Win32
		{C6D5CDEE-3032-4E8E-8AA2-5DEE8228857B}.Release|x64.ActiveCfg = Release|x64
		{C6D5CDEE-3032-4E8E-8AA2-5DEE8228857B}.Release|x64.Build.0 = Release|x64
		{C6D5CDEE-3032-4E8E-8AA2-5DEE8228857B}.Release|x86.ActiveCfg = Release|Win32
		{C6D5CDEE-3032-4E8E-8AA2-5DEE8228857B}.Release|x86.Build.0 = Release|Win32
		{4CB3CAF1-1770-409A-8941-66692E33AAC9}.Debug|x64.ActiveCfg = Debug|x64
		{4CB3CAF1-1770-409A-8941-66692E33AAC9}.Debug|x64.Build.0 = Debug|x64
		{4CB3CAF1-1770-409A-8941-66692E33AAC9}.Debug|x86.ActiveCfg = Debug|Win32
		{4CB3CAF1-1770-409A-8941-66692E33AAC9}.Debug|x86.Build.0 = Debug|Win32
		{4CB3CAF1-1770-409A-8941-66692E33AAC9}.Release|x64.ActiveCfg = Release|x64
		{4CB3CAF1-1770-409A-8941-66692E33AAC9}.Release|x64.Build.0 = Release|x64
		{4CB3CAF1-1770-409A-8941-66692E33AAC9}.Release|x86.ActiveCfg = Release|Win32
		{4CB3CAF1-1770-409A-8941-66692E33AAC9}.Release|x86.Build.0 = Release|Win32
		{2C160EC7-9FD2-4EAF-9B0D-6043BADB2A2A}.Debug|x64.ActiveCfg = Debug|x64
		{2C160EC7-9FD2-4EAF-9B0D-6043BADB2A2A}.Debug|x64.Build.0 = Debug|x64
		{2C160EC7-9FD2-4EAF-9B0D-6043BADB2A2A}.Debug|x86.ActiveCfg = Debug|Win32
		{2C160EC7-9FD2-4EAF-9B0D-6043BADB2A2A}.Debug|x86.Build.0 = Debug|Win32
		{2C160EC7-9FD2-4EAF-9B0D-6043BADB2A2A}.Release|x64.ActiveCfg = Release|x64
		{2C160EC7-9FD2-4EAF-9B0D-6043BADB2A2A}.Release|x64.Build.0 = Release|x64
		{2C160EC7-9FD2-4EAF-9B0D-6043BADB2A2A}.Release|x86.ActiveCfg = Release|Win32
		{2C160EC7-9FD2-4EAF-9B0D-6043BADB2A2A}.Release|x86.Build.0 = Release|Win32
		{EE875C0E-FDE1-4B20-933C-C47DD2118880}.Debug|x64.ActiveCfg = Debug|x64
		{EE875C0E-FDE1-4B20-933C-C47DD2118880}.Debug|x64.Build.0 = Debug|x64
		{EE875C0E-FDE1-4B20-933C-C47DD2118880}.Debug|x86.ActiveCfg = Debug|Win32
		{EE875C0E-FDE1-4B20-933C-C47DD2118880}.Debug|x86.Build.0 = Debug|Win32
		{EE875C0E-FDE1-4B20-933C-C47DD2118880}.Release|x64.ActiveCfg = Release|x64
		{EE875C0E-FDE1-4B20-933C-C47DD2118880}.Release|x64.Build.0 = Release|x64
		{EE875C0E-FDE1-4B20-933C-C47DD2118880}.Release|x86.ActiveCfg = Release|Win32
		{EE875C0E-FDE1-4B20-933C-C47DD2118880}.Release|x86.Build.0 = Release|Win32
		{E4C4FC48-29E4-4056-99A4-C44A4AED933A}.Debug|x64.ActiveCfg = Debug|x64
		{E4C4FC48-29E4-4056-99A4-C44A4AED933A}.Debug|x64.Build.0 = Debug|x64
		{E4C4FC48-29E4-4056-99A4-C44A4AED933A}.Debug|x86.ActiveCfg = Debug|Win32
		{E4C4FC48-29E4-4056-99A4-C44A4AED933A}.Debug|x86.Build.0 = Debug|Win32
		{E4C4FC48-29E4-4056-99A4-C44A4AED933A}.Release|x64.ActiveCfg = Release|x64
		{E4C4FC48-29E4-4056-99A4-C44A4AED933A}.Release|x64.Build.0 = Release|x64
		{E4C4FC48-29E4-4056-99A4-C44A4AED933A}.Release|x86.ActiveCfg = Release|Win32
		{E4C4FC48-29E4-4056-99A4-C44A4AED933A}.Release|x86.Build.0 = Release|Win32
		{890C52B7-C01D-4C61-9881-F4B94C45509D}.Debug|x64.ActiveCfg = Debug|x64
		{890C52B7-C01D-4C61-9881-F4B94C45509D}.Debug|x64.Build.0 = Debug|x64
		{890C52B7-C01D-4C61-9881-F4B94C45509D}.Debug|x86.ActiveCfg = Debug|Win32
		{890C52B7-C01D-4C61-9881-F4B94C45509D}.Debug|x86.Build.0 = Debug|Win32
		{890C52B7-C01D-4C61-9881-F4B94C45509D}.Release|x64.ActiveCfg = Release|x64
		{890C52B7-C01D-4C61-9881-F4B94C45509D}.Release|x64.Build.0 = Release|x64
		{890C52B7-C01D-4C61-9881-F4B94C45509D}.Release|x86.ActiveCfg = Release|Win32
		{890C52B7-C01D-4C61-9881-F4B94C45509D}.Release|x86.Build.0 = Release|Win32
		{B64613A0-A14D-47C4-95EA-EC32949095B4}.Debug|x64.ActiveCfg = Debug|x64
		{B64613A0-A14D-47C4-95EA-EC32949095B4}.Debug|x64.Build.0 = Debug|x64
		{B64613A0-A14D-47C4-95EA-EC32949095B4}.Debug|x86.ActiveCfg = Debug|Win32
		{B64613A0-A14D-47C4-95EA-EC32949095B4}.Debug|x86.Build.0 = Debug|Win32
		{B64613A0-A14D-47C4-95EA-EC32949095B4}.Release|x64.ActiveCfg = Release|x64
		{B64613A0-A14D-47C4-95EA-EC32949095B4}.Release|x64.Build.0 = Release|x64
		{B64613A0-A14D-47C4-95EA-EC32949095B4}.Release|x86.ActiveCfg = Release|Win32
		{B64613A0-A14D-47C4-95EA-EC32949095B4}.Release|x86.Build.0 = Release|Win32
		{C45EBEBB-41FD-443E-AA24-259846B8C061}.Debug|x64.ActiveCfg = Debug|x64
		{C45EBEBB-41FD-443E-AA24-259846B8C061}.Debug|x64.Build.0 = Debug|x64
		{C45EBEBB-41FD-443E-AA24-259846B8C061}.Debug|x86.ActiveCfg = Debug|Win32
		{C45EBEBB-41FD-443E-AA24-259846B8C061}.Debug|x86.Build.0 = Debug|Win32
		{C45EBEBB-41FD-443E-AA24-259846B8C061}.Release|x64.ActiveCfg = Release|x64
		{C45EBEBB-41FD-443E-AA24-259846B8C061}.Release|x64.Build.0 = Release|x64
		{C45EBEBB-41FD-443E-AA24-259846B8C061}.Release|x86.ActiveCfg = Release|Win32
		{C45EBEBB-41FD-443E-AA24-259846B8C061}.Release|x86.Build.0 = Release|Win32
		{621F10C5-9C65-434C-8C7B-DD0507A36FCD}.Debug|x64.ActiveCfg = Debug|x64
		{621F10C5-9C65-434C-8C7B-DD0507A36FCD}.Debug|x64.Build.0 = Debug|x64
		{621F10C5-9C65-434C-8C7B-DD0507A36FCD}.Debug|x86.ActiveCfg = Debug|Win32
		{621F10C5-9C65-434C-8C7B-DD0507A36FCD}.Debug|x86.Build.0 = Debug|Win32
		{621F10C5-9C65-434C-8C7B-DD0507A36FCD}.Release|x64.ActiveCfg = Release|x64
		{621F10C5-9C65-434C-8C7B-DD0507A36FCD}.Release|x64.Build.0 = Release|x64
		{621F10C5-9C65-434C-8C7B-DD0507A36FCD}.Release|x86.ActiveCfg = Release|Win32
		{621F10C5-9C65-434C-8C7B-DD0507A36FCD}.Release|x86.Build.0 = Release|Win32
		{C03274E6-ED6D-4F91-BD3C-2715D25DE014}.Debug|x64.ActiveCfg = Debug|x64
		{C03274E6-ED6D-4F91-BD3C-2715D25DE014}.Debug|x64.Build.0 = Debug|x64
		{C03274E6-ED6D-4F91-BD3C-2715D25DE014}.Debug|x86.ActiveCfg = Debug|Win32
		{C03274E6-ED6D-4F91-BD3C-2715D25DE014}.Debug|x86.Build.0 = Debug|Win32
		{C03274E6-ED6D-4F91-BD3C-2715D25DE014}.Release|x64.ActiveCfg = Release|x64
		{C03274E6-ED6D-4F91-BD3C-2715D25DE014}.Release|x64.Build.0 = Release|x64
		{C03274E6-ED6D-4F91-BD3C-2715D25DE014}.Release|x86.ActiveCfg = Release|Win32
		{C03274E6-ED6D-4F91-BD3C-2715D25DE014}.Release|x86.Build.0 = Release|Win32
	EndGlobalSection
	GlobalSection(SolutionProperties) = preSolution
		HideSolutionNode = FALSE
	EndGlobalSection
	GlobalSection(ExtensibilityGlobals) = postSolution
		SolutionGuid = {54A90F37-B658-427D-B9E8-8BC74861D8AA}
	EndGlobalSection
EndGlobal
